
Microsoft Visual Studio Solution File, Format Version 12.00
# Visual Studio Version 17
VisualStudioVersion = 17.6.33723.286
MinimumVisualStudioVersion = 10.0.40219.1
Project("{FAE04EC0-301F-11D3-BF4B-00C04F79EFBC}") = "FindMeJob.DOMAIN", "FindMeJob.DOMAIN\FindMeJob.DOMAIN.csproj", "{E6C6FE39-B70B-43C4-9CA5-E65C1C4ACF1B}"
EndProject
Project("{FAE04EC0-301F-11D3-BF4B-00C04F79EFBC}") = "FindMeJob.API", "FindMeJob.API\FindMeJob.API.csproj", "{A9565650-A29F-411C-92FC-4CE0D7EF65E1}"
EndProject
Global
	GlobalSection(SolutionConfigurationPlatforms) = preSolution
		Debug|Any CPU = Debug|Any CPU
		Release|Any CPU = Release|Any CPU
	EndGlobalSection
	GlobalSection(ProjectConfigurationPlatforms) = postSolution
		{E6C6FE39-B70B-43C4-9CA5-E65C1C4ACF1B}.Debug|Any CPU.ActiveCfg = Debug|Any CPU
		{E6C6FE39-B70B-43C4-9CA5-E65C1C4ACF1B}.Debug|Any CPU.Build.0 = Debug|Any CPU
		{E6C6FE39-B70B-43C4-9CA5-E65C1C4ACF1B}.Release|Any CPU.ActiveCfg = Release|Any CPU
		{E6C6FE39-B70B-43C4-9CA5-E65C1C4ACF1B}.Release|Any CPU.Build.0 = Release|Any CPU
		{A9565650-A29F-411C-92FC-4CE0D7EF65E1}.Debug|Any CPU.ActiveCfg = Debug|Any CPU
		{A9565650-A29F-411C-92FC-4CE0D7EF65E1}.Debug|Any CPU.Build.0 = Debug|Any CPU
		{A9565650-A29F-411C-92FC-4CE0D7EF65E1}.Release|Any CPU.ActiveCfg = Release|Any CPU
		{A9565650-A29F-411C-92FC-4CE0D7EF65E1}.Release|Any CPU.Build.0 = Release|Any CPU
	EndGlobalSection
	GlobalSection(SolutionProperties) = preSolution
		HideSolutionNode = FALSE
	EndGlobalSection
	GlobalSection(ExtensibilityGlobals) = postSolution
		SolutionGuid = {58563C9E-84A4-48A9-907E-0855E097AE41}
	EndGlobalSection
EndGlobal
